
Microsoft Visual Studio Solution File, Format Version 12.00
# Visual Studio Version 16
VisualStudioVersion = 16.0.30114.105
MinimumVisualStudioVersion = 10.0.40219.1
Project("{FAE04EC0-301F-11D3-BF4B-00C04F79EFBC}") = "PeopleApp", "PeopleApp\PeopleApp.csproj", "{6C862CA5-29B7-4755-9A97-DCA8262ADC2D}"
EndProject
Project("{FAE04EC0-301F-11D3-BF4B-00C04F79EFBC}") = "PacktLibrary", "PacktLibrary\PacktLibrary.csproj", "{E7EF5A47-4E84-45C9-9810-BD0FA9F04057}"
EndProject
Project("{FAE04EC0-301F-11D3-BF4B-00C04F79EFBC}") = "NullHandling", "NullHandling\NullHandling.csproj", "{7D6277FE-3302-4994-90C2-7C5EAAAB35C7}"
EndProject
Global
	GlobalSection(SolutionConfigurationPlatforms) = preSolution
		Debug|Any CPU = Debug|Any CPU
		Release|Any CPU = Release|Any CPU
	EndGlobalSection
	GlobalSection(SolutionProperties) = preSolution
		HideSolutionNode = FALSE
	EndGlobalSection
	GlobalSection(ProjectConfigurationPlatforms) = postSolution
		{6C862CA5-29B7-4755-9A97-DCA8262ADC2D}.Debug|Any CPU.ActiveCfg = Debug|Any CPU
		{6C862CA5-29B7-4755-9A97-DCA8262ADC2D}.Debug|Any CPU.Build.0 = Debug|Any CPU
		{6C862CA5-29B7-4755-9A97-DCA8262ADC2D}.Release|Any CPU.ActiveCfg = Release|Any CPU
		{6C862CA5-29B7-4755-9A97-DCA8262ADC2D}.Release|Any CPU.Build.0 = Release|Any CPU
		{E7EF5A47-4E84-45C9-9810-BD0FA9F04057}.Debug|Any CPU.ActiveCfg = Debug|Any CPU
		{E7EF5A47-4E84-45C9-9810-BD0FA9F04057}.Debug|Any CPU.Build.0 = Debug|Any CPU
		{E7EF5A47-4E84-45C9-9810-BD0FA9F04057}.Release|Any CPU.ActiveCfg = Release|Any CPU
		{E7EF5A47-4E84-45C9-9810-BD0FA9F04057}.Release|Any CPU.Build.0 = Release|Any CPU
		{7D6277FE-3302-4994-90C2-7C5EAAAB35C7}.Debug|Any CPU.ActiveCfg = Debug|Any CPU
		{7D6277FE-3302-4994-90C2-7C5EAAAB35C7}.Debug|Any CPU.Build.0 = Debug|Any CPU
		{7D6277FE-3302-4994-90C2-7C5EAAAB35C7}.Release|Any CPU.ActiveCfg = Release|Any CPU
		{7D6277FE-3302-4994-90C2-7C5EAAAB35C7}.Release|Any CPU.Build.0 = Release|Any CPU
	EndGlobalSection
EndGlobal
