
Microsoft Visual Studio Solution File, Format Version 12.00
# Visual Studio Version 17
VisualStudioVersion = 17.3.32901.215
MinimumVisualStudioVersion = 10.0.40219.1
Project("{9A19103F-16F7-4668-BE54-9A1E7A4F7556}") = "DecoratorPattern", "DecoratorPattern\DecoratorPattern.csproj", "{348C6494-5FF9-48D0-9F71-2F2CC36B2B30}"
EndProject
Project("{9A19103F-16F7-4668-BE54-9A1E7A4F7556}") = "PhotoDecorator", "PhotoDecorator\PhotoDecorator.csproj", "{70F48BAE-85A0-405A-87CA-5BD58436F052}"
EndProject
Project("{FAE04EC0-301F-11D3-BF4B-00C04F79EFBC}") = "tryDelegate", "tryDelegate\tryDelegate.csproj", "{898DB729-A625-435D-890B-992E491E1A3C}"
EndProject
Global
	GlobalSection(SolutionConfigurationPlatforms) = preSolution
		Debug|Any CPU = Debug|Any CPU
		Release|Any CPU = Release|Any CPU
	EndGlobalSection
	GlobalSection(ProjectConfigurationPlatforms) = postSolution
		{348C6494-5FF9-48D0-9F71-2F2CC36B2B30}.Debug|Any CPU.ActiveCfg = Debug|Any CPU
		{348C6494-5FF9-48D0-9F71-2F2CC36B2B30}.Debug|Any CPU.Build.0 = Debug|Any CPU
		{348C6494-5FF9-48D0-9F71-2F2CC36B2B30}.Release|Any CPU.ActiveCfg = Release|Any CPU
		{348C6494-5FF9-48D0-9F71-2F2CC36B2B30}.Release|Any CPU.Build.0 = Release|Any CPU
		{70F48BAE-85A0-405A-87CA-5BD58436F052}.Debug|Any CPU.ActiveCfg = Debug|Any CPU
		{70F48BAE-85A0-405A-87CA-5BD58436F052}.Debug|Any CPU.Build.0 = Debug|Any CPU
		{70F48BAE-85A0-405A-87CA-5BD58436F052}.Release|Any CPU.ActiveCfg = Release|Any CPU
		{70F48BAE-85A0-405A-87CA-5BD58436F052}.Release|Any CPU.Build.0 = Release|Any CPU
		{898DB729-A625-435D-890B-992E491E1A3C}.Debug|Any CPU.ActiveCfg = Debug|Any CPU
		{898DB729-A625-435D-890B-992E491E1A3C}.Debug|Any CPU.Build.0 = Debug|Any CPU
		{898DB729-A625-435D-890B-992E491E1A3C}.Release|Any CPU.ActiveCfg = Release|Any CPU
		{898DB729-A625-435D-890B-992E491E1A3C}.Release|Any CPU.Build.0 = Release|Any CPU
	EndGlobalSection
	GlobalSection(SolutionProperties) = preSolution
		HideSolutionNode = FALSE
	EndGlobalSection
	GlobalSection(ExtensibilityGlobals) = postSolution
		SolutionGuid = {8700C975-4BD4-4D11-B338-AB9526765949}
	EndGlobalSection
EndGlobal
