
Microsoft Visual Studio Solution File, Format Version 12.00
# Visual Studio Version 17
VisualStudioVersion = 17.0.31903.59
MinimumVisualStudioVersion = 10.0.40219.1
Project("{9A19103F-16F7-4668-BE54-9A1E7A4F7556}") = "MyConsumerApp", "MyConsumerApp\MyConsumerApp.csproj", "{06A1B8B7-56B5-4ED0-8938-8AA52CF1A2A5}"
EndProject
Project("{FAE04EC0-301F-11D3-BF4B-00C04F79EFBC}") = "MySortingMachine", "MySortingMachine\MySortingMachine.csproj", "{23FA7526-C62B-40AE-8C12-6DF703BDA7BD}"
EndProject
Global
	GlobalSection(SolutionConfigurationPlatforms) = preSolution
		Debug|Any CPU = Debug|Any CPU
		Release|Any CPU = Release|Any CPU
	EndGlobalSection
	GlobalSection(ProjectConfigurationPlatforms) = postSolution
		{06A1B8B7-56B5-4ED0-8938-8AA52CF1A2A5}.Debug|Any CPU.ActiveCfg = Debug|Any CPU
		{06A1B8B7-56B5-4ED0-8938-8AA52CF1A2A5}.Debug|Any CPU.Build.0 = Debug|Any CPU
		{06A1B8B7-56B5-4ED0-8938-8AA52CF1A2A5}.Release|Any CPU.ActiveCfg = Release|Any CPU
		{06A1B8B7-56B5-4ED0-8938-8AA52CF1A2A5}.Release|Any CPU.Build.0 = Release|Any CPU
		{23FA7526-C62B-40AE-8C12-6DF703BDA7BD}.Debug|Any CPU.ActiveCfg = Debug|Any CPU
		{23FA7526-C62B-40AE-8C12-6DF703BDA7BD}.Debug|Any CPU.Build.0 = Debug|Any CPU
		{23FA7526-C62B-40AE-8C12-6DF703BDA7BD}.Release|Any CPU.ActiveCfg = Release|Any CPU
		{23FA7526-C62B-40AE-8C12-6DF703BDA7BD}.Release|Any CPU.Build.0 = Release|Any CPU
	EndGlobalSection
	GlobalSection(SolutionProperties) = preSolution
		HideSolutionNode = FALSE
	EndGlobalSection
	GlobalSection(ExtensibilityGlobals) = postSolution
		SolutionGuid = {E8BFBAFC-6746-4C85-A49B-1A548B156834}
	EndGlobalSection
EndGlobal
